
Microsoft Visual Studio Solution File, Format Version 12.00
# Visual Studio Version 17
VisualStudioVersion = 17.7.34031.279
MinimumVisualStudioVersion = 10.0.40219.1
Project("{FAE04EC0-301F-11D3-BF4B-00C04F79EFBC}") = "Havoc", "Havoc\Havoc.csproj", "{0319D30A-184F-4D4F-B3F5-5939B76B3F5D}"
EndProject
Global
	GlobalSection(SolutionConfigurationPlatforms) = preSolution
		Debug|Any CPU = Debug|Any CPU
		DebugLegacy|Any CPU = DebugLegacy|Any CPU
		DebugTrace|Any CPU = DebugTrace|Any CPU
		Release|Any CPU = Release|Any CPU
		ReleaseLegacy|Any CPU = ReleaseLegacy|Any CPU
		ReleaseTrace|Any CPU = ReleaseTrace|Any CPU
	EndGlobalSection
	GlobalSection(ProjectConfigurationPlatforms) = postSolution
		{0319D30A-184F-4D4F-B3F5-5939B76B3F5D}.Debug|Any CPU.ActiveCfg = Debug|Any CPU
		{0319D30A-184F-4D4F-B3F5-5939B76B3F5D}.Debug|Any CPU.Build.0 = Debug|Any CPU
		{0319D30A-184F-4D4F-B3F5-5939B76B3F5D}.DebugLegacy|Any CPU.ActiveCfg = Debug|Any CPU
		{0319D30A-184F-4D4F-B3F5-5939B76B3F5D}.DebugLegacy|Any CPU.Build.0 = Debug|Any CPU
		{0319D30A-184F-4D4F-B3F5-5939B76B3F5D}.DebugTrace|Any CPU.ActiveCfg = Debug|Any CPU
		{0319D30A-184F-4D4F-B3F5-5939B76B3F5D}.DebugTrace|Any CPU.Build.0 = Debug|Any CPU
		{0319D30A-184F-4D4F-B3F5-5939B76B3F5D}.Release|Any CPU.ActiveCfg = Release|Any CPU
		{0319D30A-184F-4D4F-B3F5-5939B76B3F5D}.Release|Any CPU.Build.0 = Release|Any CPU
		{0319D30A-184F-4D4F-B3F5-5939B76B3F5D}.ReleaseLegacy|Any CPU.ActiveCfg = Release|Any CPU
		{0319D30A-184F-4D4F-B3F5-5939B76B3F5D}.ReleaseLegacy|Any CPU.Build.0 = Release|Any CPU
		{0319D30A-184F-4D4F-B3F5-5939B76B3F5D}.ReleaseTrace|Any CPU.ActiveCfg = Release|Any CPU
		{0319D30A-184F-4D4F-B3F5-5939B76B3F5D}.ReleaseTrace|Any CPU.Build.0 = Release|Any CPU
	EndGlobalSection
	GlobalSection(SolutionProperties) = preSolution
		HideSolutionNode = FALSE
	EndGlobalSection
	GlobalSection(ExtensibilityGlobals) = postSolution
		SolutionGuid = {3593AF84-5BC4-4AD2-8D8A-F1FBE5830EFA}
	EndGlobalSection
EndGlobal
